// !$*UTF8*$!
{
	archiveVersion = 1;
	classes = {
	};
	objectVersion = 50;
	objects = {

/* Begin PBXBuildFile section */
		5B2E86BF241A998300448229 /* PasscodeInput.swift in Sources */ = {isa = PBXBuildFile; fileRef = 5B2E86BE241A998300448229 /* PasscodeInput.swift */; };
		5B2E86C6241A9DE100448229 /* GridStack.swift in Sources */ = {isa = PBXBuildFile; fileRef = 5B2E86C5241A9DE100448229 /* GridStack.swift */; };
		5B2E86C9241A9FBC00448229 /* PasscodeButtonStyle.swift in Sources */ = {isa = PBXBuildFile; fileRef = 5B2E86C8241A9FBC00448229 /* PasscodeButtonStyle.swift */; };
		5B2E86CC241AA0F200448229 /* PasscodeButton.swift in Sources */ = {isa = PBXBuildFile; fileRef = 5B2E86CB241AA0F200448229 /* PasscodeButton.swift */; };
		5B2E86D0241AA62100448229 /* PasscodeKeyboardView.swift in Sources */ = {isa = PBXBuildFile; fileRef = 5B2E86CF241AA62100448229 /* PasscodeKeyboardView.swift */; };
		5B2E86D2241AB35000448229 /* PasscodeInputIndicatorView.swift in Sources */ = {isa = PBXBuildFile; fileRef = 5B2E86D1241AB35000448229 /* PasscodeInputIndicatorView.swift */; };
		5BA195B7241A970F0036E3B2 /* AppDelegate.swift in Sources */ = {isa = PBXBuildFile; fileRef = 5BA195B6241A970F0036E3B2 /* AppDelegate.swift */; };
		5BA195B9241A970F0036E3B2 /* SceneDelegate.swift in Sources */ = {isa = PBXBuildFile; fileRef = 5BA195B8241A970F0036E3B2 /* SceneDelegate.swift */; };
		5BA195BB241A970F0036E3B2 /* PasscodeView.swift in Sources */ = {isa = PBXBuildFile; fileRef = 5BA195BA241A970F0036E3B2 /* PasscodeView.swift */; };
		5BA195BD241A97110036E3B2 /* Assets.xcassets in Resources */ = {isa = PBXBuildFile; fileRef = 5BA195BC241A97110036E3B2 /* Assets.xcassets */; };
		5BA195C0241A97110036E3B2 /* Preview Assets.xcassets in Resources */ = {isa = PBXBuildFile; fileRef = 5BA195BF241A97110036E3B2 /* Preview Assets.xcassets */; };
		5BA195C3241A97110036E3B2 /* LaunchScreen.storyboard in Resources */ = {isa = PBXBuildFile; fileRef = 5BA195C1241A97110036E3B2 /* LaunchScreen.storyboard */; };
		5BA195CE241A97110036E3B2 /* SwiftUIPincodeTests.swift in Sources */ = {isa = PBXBuildFile; fileRef = 5BA195CD241A97110036E3B2 /* SwiftUIPincodeTests.swift */; };
		5BA195D9241A97110036E3B2 /* SwiftUIPincodeUITests.swift in Sources */ = {isa = PBXBuildFile; fileRef = 5BA195D8241A97110036E3B2 /* SwiftUIPincodeUITests.swift */; };
		5BC7C4092516357000D4CA53 /* README.md in Resources */ = {isa = PBXBuildFile; fileRef = 5BC7C4082516357000D4CA53 /* README.md */; };
/* End PBXBuildFile section */

/* Begin PBXContainerItemProxy section */
		5BA195CA241A97110036E3B2 /* PBXContainerItemProxy */ = {
			isa = PBXContainerItemProxy;
			containerPortal = 5BA195AB241A970F0036E3B2 /* Project object */;
			proxyType = 1;
			remoteGlobalIDString = 5BA195B2241A970F0036E3B2;
			remoteInfo = SwiftUIPincode;
		};
		5BA195D5241A97110036E3B2 /* PBXContainerItemProxy */ = {
			isa = PBXContainerItemProxy;
			containerPortal = 5BA195AB241A970F0036E3B2 /* Project object */;
			proxyType = 1;
			remoteGlobalIDString = 5BA195B2241A970F0036E3B2;
			remoteInfo = SwiftUIPincode;
		};
/* End PBXContainerItemProxy section */

/* Begin PBXFileReference section */
		5B2E86BE241A998300448229 /* PasscodeInput.swift */ = {isa = PBXFileReference; lastKnownFileType = sourcecode.swift; path = PasscodeInput.swift; sourceTree = "<group>"; };
		5B2E86C5241A9DE100448229 /* GridStack.swift */ = {isa = PBXFileReference; lastKnownFileType = sourcecode.swift; path = GridStack.swift; sourceTree = "<group>"; };
		5B2E86C8241A9FBC00448229 /* PasscodeButtonStyle.swift */ = {isa = PBXFileReference; lastKnownFileType = sourcecode.swift; path = PasscodeButtonStyle.swift; sourceTree = "<group>"; };
		5B2E86CB241AA0F200448229 /* PasscodeButton.swift */ = {isa = PBXFileReference; lastKnownFileType = sourcecode.swift; path = PasscodeButton.swift; sourceTree = "<group>"; };
		5B2E86CF241AA62100448229 /* PasscodeKeyboardView.swift */ = {isa = PBXFileReference; lastKnownFileType = sourcecode.swift; path = PasscodeKeyboardView.swift; sourceTree = "<group>"; };
		5B2E86D1241AB35000448229 /* PasscodeInputIndicatorView.swift */ = {isa = PBXFileReference; lastKnownFileType = sourcecode.swift; path = PasscodeInputIndicatorView.swift; sourceTree = "<group>"; };
		5BA195B3241A970F0036E3B2 /* SwiftUIPasscode.app */ = {isa = PBXFileReference; explicitFileType = wrapper.application; includeInIndex = 0; path = SwiftUIPasscode.app; sourceTree = BUILT_PRODUCTS_DIR; };
		5BA195B6241A970F0036E3B2 /* AppDelegate.swift */ = {isa = PBXFileReference; lastKnownFileType = sourcecode.swift; path = AppDelegate.swift; sourceTree = "<group>"; };
		5BA195B8241A970F0036E3B2 /* SceneDelegate.swift */ = {isa = PBXFileReference; lastKnownFileType = sourcecode.swift; path = SceneDelegate.swift; sourceTree = "<group>"; };
		5BA195BA241A970F0036E3B2 /* PasscodeView.swift */ = {isa = PBXFileReference; lastKnownFileType = sourcecode.swift; path = PasscodeView.swift; sourceTree = "<group>"; };
		5BA195BC241A97110036E3B2 /* Assets.xcassets */ = {isa = PBXFileReference; lastKnownFileType = folder.assetcatalog; path = Assets.xcassets; sourceTree = "<group>"; };
		5BA195BF241A97110036E3B2 /* Preview Assets.xcassets */ = {isa = PBXFileReference; lastKnownFileType = folder.assetcatalog; path = "Preview Assets.xcassets"; sourceTree = "<group>"; };
		5BA195C2241A97110036E3B2 /* Base */ = {isa = PBXFileReference; lastKnownFileType = file.storyboard; name = Base; path = Base.lproj/LaunchScreen.storyboard; sourceTree = "<group>"; };
		5BA195C4241A97110036E3B2 /* Info.plist */ = {isa = PBXFileReference; lastKnownFileType = text.plist.xml; path = Info.plist; sourceTree = "<group>"; };
		5BA195C9241A97110036E3B2 /* SwiftUIPasscodeTests.xctest */ = {isa = PBXFileReference; explicitFileType = wrapper.cfbundle; includeInIndex = 0; path = SwiftUIPasscodeTests.xctest; sourceTree = BUILT_PRODUCTS_DIR; };
		5BA195CD241A97110036E3B2 /* SwiftUIPincodeTests.swift */ = {isa = PBXFileReference; lastKnownFileType = sourcecode.swift; path = SwiftUIPincodeTests.swift; sourceTree = "<group>"; };
		5BA195CF241A97110036E3B2 /* Info.plist */ = {isa = PBXFileReference; lastKnownFileType = text.plist.xml; path = Info.plist; sourceTree = "<group>"; };
		5BA195D4241A97110036E3B2 /* SwiftUIPasscodeUITests.xctest */ = {isa = PBXFileReference; explicitFileType = wrapper.cfbundle; includeInIndex = 0; path = SwiftUIPasscodeUITests.xctest; sourceTree = BUILT_PRODUCTS_DIR; };
		5BA195D8241A97110036E3B2 /* SwiftUIPincodeUITests.swift */ = {isa = PBXFileReference; lastKnownFileType = sourcecode.swift; path = SwiftUIPincodeUITests.swift; sourceTree = "<group>"; };
		5BA195DA241A97110036E3B2 /* Info.plist */ = {isa = PBXFileReference; lastKnownFileType = text.plist.xml; path = Info.plist; sourceTree = "<group>"; };
		5BC7C4082516357000D4CA53 /* README.md */ = {isa = PBXFileReference; fileEncoding = 4; lastKnownFileType = net.daringfireball.markdown; path = README.md; sourceTree = "<group>"; };
/* End PBXFileReference section */

/* Begin PBXFrameworksBuildPhase section */
		5BA195B0241A970F0036E3B2 /* Frameworks */ = {
			isa = PBXFrameworksBuildPhase;
			buildActionMask = 2147483647;
			files = (
			);
			runOnlyForDeploymentPostprocessing = 0;
		};
		5BA195C6241A97110036E3B2 /* Frameworks */ = {
			isa = PBXFrameworksBuildPhase;
			buildActionMask = 2147483647;
			files = (
			);
			runOnlyForDeploymentPostprocessing = 0;
		};
		5BA195D1241A97110036E3B2 /* Frameworks */ = {
			isa = PBXFrameworksBuildPhase;
			buildActionMask = 2147483647;
			files = (
			);
			runOnlyForDeploymentPostprocessing = 0;
		};
/* End PBXFrameworksBuildPhase section */

/* Begin PBXGroup section */
		5B2E86BD241A997700448229 /* Input */ = {
			isa = PBXGroup;
			children = (
				5B2E86BE241A998300448229 /* PasscodeInput.swift */,
			);
			path = Input;
			sourceTree = "<group>";
		};
		5B2E86C4241A9DCA00448229 /* Components */ = {
			isa = PBXGroup;
			children = (
				5B2E86CB241AA0F200448229 /* PasscodeButton.swift */,
				5B2E86D1241AB35000448229 /* PasscodeInputIndicatorView.swift */,
				5B2E86CF241AA62100448229 /* PasscodeKeyboardView.swift */,
			);
			path = Components;
			sourceTree = "<group>";
		};
		5B2E86C7241A9FAE00448229 /* Styles */ = {
			isa = PBXGroup;
			children = (
				5B2E86C8241A9FBC00448229 /* PasscodeButtonStyle.swift */,
			);
			path = Styles;
			sourceTree = "<group>";
		};
		5B2E86CA241AA0E000448229 /* Containers */ = {
			isa = PBXGroup;
			children = (
				5B2E86C5241A9DE100448229 /* GridStack.swift */,
			);
			path = Containers;
			sourceTree = "<group>";
		};
		5BA195AA241A970F0036E3B2 = {
			isa = PBXGroup;
			children = (
				5BA195B5241A970F0036E3B2 /* SwiftUIPasscode */,
				5BA195CC241A97110036E3B2 /* SwiftUIPasscodeTests */,
				5BA195D7241A97110036E3B2 /* SwiftUIPasscodeUITests */,
				5BA195B4241A970F0036E3B2 /* Products */,
				5BC7C4082516357000D4CA53 /* README.md */,
			);
			sourceTree = "<group>";
		};
		5BA195B4241A970F0036E3B2 /* Products */ = {
			isa = PBXGroup;
			children = (
				5BA195B3241A970F0036E3B2 /* SwiftUIPasscode.app */,
				5BA195C9241A97110036E3B2 /* SwiftUIPasscodeTests.xctest */,
				5BA195D4241A97110036E3B2 /* SwiftUIPasscodeUITests.xctest */,
			);
			name = Products;
			sourceTree = "<group>";
		};
		5BA195B5241A970F0036E3B2 /* SwiftUIPasscode */ = {
			isa = PBXGroup;
			children = (
				5BA195EA241A982B0036E3B2 /* App */,
				5BA195EB241A98370036E3B2 /* Resources */,
				5BA195E6241A972A0036E3B2 /* State */,
				5BA195E9241A98240036E3B2 /* Views */,
				5BA195C4241A97110036E3B2 /* Info.plist */,
				5BA195BE241A97110036E3B2 /* Preview Content */,
			);
			path = SwiftUIPasscode;
			sourceTree = "<group>";
		};
		5BA195BE241A97110036E3B2 /* Preview Content */ = {
			isa = PBXGroup;
			children = (
				5BA195BF241A97110036E3B2 /* Preview Assets.xcassets */,
			);
			path = "Preview Content";
			sourceTree = "<group>";
		};
		5BA195CC241A97110036E3B2 /* SwiftUIPasscodeTests */ = {
			isa = PBXGroup;
			children = (
				5BA195CD241A97110036E3B2 /* SwiftUIPincodeTests.swift */,
				5BA195CF241A97110036E3B2 /* Info.plist */,
			);
			path = SwiftUIPasscodeTests;
			sourceTree = "<group>";
		};
		5BA195D7241A97110036E3B2 /* SwiftUIPasscodeUITests */ = {
			isa = PBXGroup;
			children = (
				5BA195D8241A97110036E3B2 /* SwiftUIPincodeUITests.swift */,
				5BA195DA241A97110036E3B2 /* Info.plist */,
			);
			path = SwiftUIPasscodeUITests;
			sourceTree = "<group>";
		};
		5BA195E6241A972A0036E3B2 /* State */ = {
			isa = PBXGroup;
			children = (
				5B2E86BD241A997700448229 /* Input */,
			);
			path = State;
			sourceTree = "<group>";
		};
		5BA195E9241A98240036E3B2 /* Views */ = {
			isa = PBXGroup;
			children = (
				5B2E86C4241A9DCA00448229 /* Components */,
				5B2E86CA241AA0E000448229 /* Containers */,
				5B2E86C7241A9FAE00448229 /* Styles */,
				5BA195BA241A970F0036E3B2 /* PasscodeView.swift */,
			);
			path = Views;
			sourceTree = "<group>";
		};
		5BA195EA241A982B0036E3B2 /* App */ = {
			isa = PBXGroup;
			children = (
				5BA195B6241A970F0036E3B2 /* AppDelegate.swift */,
				5BA195B8241A970F0036E3B2 /* SceneDelegate.swift */,
			);
			path = App;
			sourceTree = "<group>";
		};
		5BA195EB241A98370036E3B2 /* Resources */ = {
			isa = PBXGroup;
			children = (
				5BA195BC241A97110036E3B2 /* Assets.xcassets */,
				5BA195C1241A97110036E3B2 /* LaunchScreen.storyboard */,
			);
			path = Resources;
			sourceTree = "<group>";
		};
/* End PBXGroup section */

/* Begin PBXNativeTarget section */
		5BA195B2241A970F0036E3B2 /* SwiftUIPasscode */ = {
			isa = PBXNativeTarget;
			buildConfigurationList = 5BA195DD241A97110036E3B2 /* Build configuration list for PBXNativeTarget "SwiftUIPasscode" */;
			buildPhases = (
				5BA195AF241A970F0036E3B2 /* Sources */,
				5BA195B0241A970F0036E3B2 /* Frameworks */,
				5BA195B1241A970F0036E3B2 /* Resources */,
			);
			buildRules = (
			);
			dependencies = (
			);
			name = SwiftUIPasscode;
			productName = SwiftUIPincode;
			productReference = 5BA195B3241A970F0036E3B2 /* SwiftUIPasscode.app */;
			productType = "com.apple.product-type.application";
		};
		5BA195C8241A97110036E3B2 /* SwiftUIPasscodeTests */ = {
			isa = PBXNativeTarget;
			buildConfigurationList = 5BA195E0241A97110036E3B2 /* Build configuration list for PBXNativeTarget "SwiftUIPasscodeTests" */;
			buildPhases = (
				5BA195C5241A97110036E3B2 /* Sources */,
				5BA195C6241A97110036E3B2 /* Frameworks */,
				5BA195C7241A97110036E3B2 /* Resources */,
			);
			buildRules = (
			);
			dependencies = (
				5BA195CB241A97110036E3B2 /* PBXTargetDependency */,
			);
			name = SwiftUIPasscodeTests;
			productName = SwiftUIPincodeTests;
			productReference = 5BA195C9241A97110036E3B2 /* SwiftUIPasscodeTests.xctest */;
			productType = "com.apple.product-type.bundle.unit-test";
		};
		5BA195D3241A97110036E3B2 /* SwiftUIPasscodeUITests */ = {
			isa = PBXNativeTarget;
			buildConfigurationList = 5BA195E3241A97110036E3B2 /* Build configuration list for PBXNativeTarget "SwiftUIPasscodeUITests" */;
			buildPhases = (
				5BA195D0241A97110036E3B2 /* Sources */,
				5BA195D1241A97110036E3B2 /* Frameworks */,
				5BA195D2241A97110036E3B2 /* Resources */,
			);
			buildRules = (
			);
			dependencies = (
				5BA195D6241A97110036E3B2 /* PBXTargetDependency */,
			);
			name = SwiftUIPasscodeUITests;
			productName = SwiftUIPincodeUITests;
			productReference = 5BA195D4241A97110036E3B2 /* SwiftUIPasscodeUITests.xctest */;
			productType = "com.apple.product-type.bundle.ui-testing";
		};
/* End PBXNativeTarget section */

/* Begin PBXProject section */
		5BA195AB241A970F0036E3B2 /* Project object */ = {
			isa = PBXProject;
			attributes = {
				LastSwiftUpdateCheck = 1130;
				LastUpgradeCheck = 1200;
				ORGANIZATIONNAME = dreadct;
				TargetAttributes = {
					5BA195B2241A970F0036E3B2 = {
						CreatedOnToolsVersion = 11.3.1;
					};
					5BA195C8241A97110036E3B2 = {
						CreatedOnToolsVersion = 11.3.1;
						TestTargetID = 5BA195B2241A970F0036E3B2;
					};
					5BA195D3241A97110036E3B2 = {
						CreatedOnToolsVersion = 11.3.1;
						TestTargetID = 5BA195B2241A970F0036E3B2;
					};
				};
			};
			buildConfigurationList = 5BA195AE241A970F0036E3B2 /* Build configuration list for PBXProject "SwiftUIPasscode" */;
			compatibilityVersion = "Xcode 9.3";
			developmentRegion = en;
			hasScannedForEncodings = 0;
			knownRegions = (
				en,
				Base,
			);
			mainGroup = 5BA195AA241A970F0036E3B2;
			productRefGroup = 5BA195B4241A970F0036E3B2 /* Products */;
			projectDirPath = "";
			projectRoot = "";
			targets = (
				5BA195B2241A970F0036E3B2 /* SwiftUIPasscode */,
				5BA195C8241A97110036E3B2 /* SwiftUIPasscodeTests */,
				5BA195D3241A97110036E3B2 /* SwiftUIPasscodeUITests */,
			);
		};
/* End PBXProject section */

/* Begin PBXResourcesBuildPhase section */
		5BA195B1241A970F0036E3B2 /* Resources */ = {
			isa = PBXResourcesBuildPhase;
			buildActionMask = 2147483647;
			files = (
				5BA195C3241A97110036E3B2 /* LaunchScreen.storyboard in Resources */,
				5BA195C0241A97110036E3B2 /* Preview Assets.xcassets in Resources */,
				5BC7C4092516357000D4CA53 /* README.md in Resources */,
				5BA195BD241A97110036E3B2 /* Assets.xcassets in Resources */,
			);
			runOnlyForDeploymentPostprocessing = 0;
		};
		5BA195C7241A97110036E3B2 /* Resources */ = {
			isa = PBXResourcesBuildPhase;
			buildActionMask = 2147483647;
			files = (
			);
			runOnlyForDeploymentPostprocessing = 0;
		};
		5BA195D2241A97110036E3B2 /* Resources */ = {
			isa = PBXResourcesBuildPhase;
			buildActionMask = 2147483647;
			files = (
			);
			runOnlyForDeploymentPostprocessing = 0;
		};
/* End PBXResourcesBuildPhase section */

/* Begin PBXSourcesBuildPhase section */
		5BA195AF241A970F0036E3B2 /* Sources */ = {
			isa = PBXSourcesBuildPhase;
			buildActionMask = 2147483647;
			files = (
				5BA195B7241A970F0036E3B2 /* AppDelegate.swift in Sources */,
				5B2E86D2241AB35000448229 /* PasscodeInputIndicatorView.swift in Sources */,
				5B2E86C9241A9FBC00448229 /* PasscodeButtonStyle.swift in Sources */,
				5BA195B9241A970F0036E3B2 /* SceneDelegate.swift in Sources */,
				5B2E86C6241A9DE100448229 /* GridStack.swift in Sources */,
				5BA195BB241A970F0036E3B2 /* PasscodeView.swift in Sources */,
				5B2E86D0241AA62100448229 /* PasscodeKeyboardView.swift in Sources */,
				5B2E86CC241AA0F200448229 /* PasscodeButton.swift in Sources */,
				5B2E86BF241A998300448229 /* PasscodeInput.swift in Sources */,
			);
			runOnlyForDeploymentPostprocessing = 0;
		};
		5BA195C5241A97110036E3B2 /* Sources */ = {
			isa = PBXSourcesBuildPhase;
			buildActionMask = 2147483647;
			files = (
				5BA195CE241A97110036E3B2 /* SwiftUIPincodeTests.swift in Sources */,
			);
			runOnlyForDeploymentPostprocessing = 0;
		};
		5BA195D0241A97110036E3B2 /* Sources */ = {
			isa = PBXSourcesBuildPhase;
			buildActionMask = 2147483647;
			files = (
				5BA195D9241A97110036E3B2 /* SwiftUIPincodeUITests.swift in Sources */,
			);
			runOnlyForDeploymentPostprocessing = 0;
		};
/* End PBXSourcesBuildPhase section */

/* Begin PBXTargetDependency section */
		5BA195CB241A97110036E3B2 /* PBXTargetDependency */ = {
			isa = PBXTargetDependency;
			target = 5BA195B2241A970F0036E3B2 /* SwiftUIPasscode */;
			targetProxy = 5BA195CA241A97110036E3B2 /* PBXContainerItemProxy */;
		};
		5BA195D6241A97110036E3B2 /* PBXTargetDependency */ = {
			isa = PBXTargetDependency;
			target = 5BA195B2241A970F0036E3B2 /* SwiftUIPasscode */;
			targetProxy = 5BA195D5241A97110036E3B2 /* PBXContainerItemProxy */;
		};
/* End PBXTargetDependency section */

/* Begin PBXVariantGroup section */
		5BA195C1241A97110036E3B2 /* LaunchScreen.storyboard */ = {
			isa = PBXVariantGroup;
			children = (
				5BA195C2241A97110036E3B2 /* Base */,
			);
			name = LaunchScreen.storyboard;
			sourceTree = "<group>";
		};
/* End PBXVariantGroup section */

/* Begin XCBuildConfiguration section */
		5BA195DB241A97110036E3B2 /* Debug */ = {
			isa = XCBuildConfiguration;
			buildSettings = {
				ALWAYS_SEARCH_USER_PATHS = NO;
				CLANG_ANALYZER_NONNULL = YES;
				CLANG_ANALYZER_NUMBER_OBJECT_CONVERSION = YES_AGGRESSIVE;
				CLANG_CXX_LANGUAGE_STANDARD = "gnu++14";
				CLANG_CXX_LIBRARY = "libc++";
				CLANG_ENABLE_MODULES = YES;
				CLANG_ENABLE_OBJC_ARC = YES;
				CLANG_ENABLE_OBJC_WEAK = YES;
				CLANG_WARN_BLOCK_CAPTURE_AUTORELEASING = YES;
				CLANG_WARN_BOOL_CONVERSION = YES;
				CLANG_WARN_COMMA = YES;
				CLANG_WARN_CONSTANT_CONVERSION = YES;
				CLANG_WARN_DEPRECATED_OBJC_IMPLEMENTATIONS = YES;
				CLANG_WARN_DIRECT_OBJC_ISA_USAGE = YES_ERROR;
				CLANG_WARN_DOCUMENTATION_COMMENTS = YES;
				CLANG_WARN_EMPTY_BODY = YES;
				CLANG_WARN_ENUM_CONVERSION = YES;
				CLANG_WARN_INFINITE_RECURSION = YES;
				CLANG_WARN_INT_CONVERSION = YES;
				CLANG_WARN_NON_LITERAL_NULL_CONVERSION = YES;
				CLANG_WARN_OBJC_IMPLICIT_RETAIN_SELF = YES;
				CLANG_WARN_OBJC_LITERAL_CONVERSION = YES;
				CLANG_WARN_OBJC_ROOT_CLASS = YES_ERROR;
				CLANG_WARN_QUOTED_INCLUDE_IN_FRAMEWORK_HEADER = YES;
				CLANG_WARN_RANGE_LOOP_ANALYSIS = YES;
				CLANG_WARN_STRICT_PROTOTYPES = YES;
				CLANG_WARN_SUSPICIOUS_MOVE = YES;
				CLANG_WARN_UNGUARDED_AVAILABILITY = YES_AGGRESSIVE;
				CLANG_WARN_UNREACHABLE_CODE = YES;
				CLANG_WARN__DUPLICATE_METHOD_MATCH = YES;
				COPY_PHASE_STRIP = NO;
				DEBUG_INFORMATION_FORMAT = dwarf;
				ENABLE_STRICT_OBJC_MSGSEND = YES;
				ENABLE_TESTABILITY = YES;
				GCC_C_LANGUAGE_STANDARD = gnu11;
				GCC_DYNAMIC_NO_PIC = NO;
				GCC_NO_COMMON_BLOCKS = YES;
				GCC_OPTIMIZATION_LEVEL = 0;
				GCC_PREPROCESSOR_DEFINITIONS = (
					"DEBUG=1",
					"$(inherited)",
				);
				GCC_WARN_64_TO_32_BIT_CONVERSION = YES;
				GCC_WARN_ABOUT_RETURN_TYPE = YES_ERROR;
				GCC_WARN_UNDECLARED_SELECTOR = YES;
				GCC_WARN_UNINITIALIZED_AUTOS = YES_AGGRESSIVE;
				GCC_WARN_UNUSED_FUNCTION = YES;
				GCC_WARN_UNUSED_VARIABLE = YES;
				IPHONEOS_DEPLOYMENT_TARGET = 13.2;
				MTL_ENABLE_DEBUG_INFO = INCLUDE_SOURCE;
				MTL_FAST_MATH = YES;
				ONLY_ACTIVE_ARCH = YES;
				SDKROOT = iphoneos;
				SWIFT_ACTIVE_COMPILATION_CONDITIONS = DEBUG;
				SWIFT_OPTIMIZATION_LEVEL = "-Onone";
			};
			name = Debug;
		};
		5BA195DC241A97110036E3B2 /* Release */ = {
			isa = XCBuildConfiguration;
			buildSettings = {
				ALWAYS_SEARCH_USER_PATHS = NO;
				CLANG_ANALYZER_NONNULL = YES;
				CLANG_ANALYZER_NUMBER_OBJECT_CONVERSION = YES_AGGRESSIVE;
				CLANG_CXX_LANGUAGE_STANDARD = "gnu++14";
				CLANG_CXX_LIBRARY = "libc++";
				CLANG_ENABLE_MODULES = YES;
				CLANG_ENABLE_OBJC_ARC = YES;
				CLANG_ENABLE_OBJC_WEAK = YES;
				CLANG_WARN_BLOCK_CAPTURE_AUTORELEASING = YES;
				CLANG_WARN_BOOL_CONVERSION = YES;
				CLANG_WARN_COMMA = YES;
				CLANG_WARN_CONSTANT_CONVERSION = YES;
				CLANG_WARN_DEPRECATED_OBJC_IMPLEMENTATIONS = YES;
				CLANG_WARN_DIRECT_OBJC_ISA_USAGE = YES_ERROR;
				CLANG_WARN_DOCUMENTATION_COMMENTS = YES;
				CLANG_WARN_EMPTY_BODY = YES;
				CLANG_WARN_ENUM_CONVERSION = YES;
				CLANG_WARN_INFINITE_RECURSION = YES;
				CLANG_WARN_INT_CONVERSION = YES;
				CLANG_WARN_NON_LITERAL_NULL_CONVERSION = YES;
				CLANG_WARN_OBJC_IMPLICIT_RETAIN_SELF = YES;
				CLANG_WARN_OBJC_LITERAL_CONVERSION = YES;
				CLANG_WARN_OBJC_ROOT_CLASS = YES_ERROR;
				CLANG_WARN_QUOTED_INCLUDE_IN_FRAMEWORK_HEADER = YES;
				CLANG_WARN_RANGE_LOOP_ANALYSIS = YES;
				CLANG_WARN_STRICT_PROTOTYPES = YES;
				CLANG_WARN_SUSPICIOUS_MOVE = YES;
				CLANG_WARN_UNGUARDED_AVAILABILITY = YES_AGGRESSIVE;
				CLANG_WARN_UNREACHABLE_CODE = YES;
				CLANG_WARN__DUPLICATE_METHOD_MATCH = YES;
				COPY_PHASE_STRIP = NO;
				DEBUG_INFORMATION_FORMAT = "dwarf-with-dsym";
				ENABLE_NS_ASSERTIONS = NO;
				ENABLE_STRICT_OBJC_MSGSEND = YES;
				GCC_C_LANGUAGE_STANDARD = gnu11;
				GCC_NO_COMMON_BLOCKS = YES;
				GCC_WARN_64_TO_32_BIT_CONVERSION = YES;
				GCC_WARN_ABOUT_RETURN_TYPE = YES_ERROR;
				GCC_WARN_UNDECLARED_SELECTOR = YES;
				GCC_WARN_UNINITIALIZED_AUTOS = YES_AGGRESSIVE;
				GCC_WARN_UNUSED_FUNCTION = YES;
				GCC_WARN_UNUSED_VARIABLE = YES;
				IPHONEOS_DEPLOYMENT_TARGET = 13.2;
				MTL_ENABLE_DEBUG_INFO = NO;
				MTL_FAST_MATH = YES;
				SDKROOT = iphoneos;
				SWIFT_COMPILATION_MODE = wholemodule;
				SWIFT_OPTIMIZATION_LEVEL = "-O";
				VALIDATE_PRODUCT = YES;
			};
			name = Release;
		};
		5BA195DE241A97110036E3B2 /* Debug */ = {
			isa = XCBuildConfiguration;
			buildSettings = {
				ASSETCATALOG_COMPILER_APPICON_NAME = AppIcon;
				CODE_SIGN_STYLE = Automatic;
				DEVELOPMENT_ASSET_PATHS = "\"SwiftUIPasscode/Preview Content\"";
				DEVELOPMENT_TEAM = RQJZYUXF82;
				ENABLE_PREVIEWS = YES;
				INFOPLIST_FILE = SwiftUIPasscode/Info.plist;
				IPHONEOS_DEPLOYMENT_TARGET = 13.0;
				LD_RUNPATH_SEARCH_PATHS = (
					"$(inherited)",
					"@executable_path/Frameworks",
				);
				PRODUCT_BUNDLE_IDENTIFIER = io.github.dreadct.SwiftUIPasscode;
				PRODUCT_NAME = "$(TARGET_NAME)";
				SWIFT_VERSION = 5.0;
				TARGETED_DEVICE_FAMILY = "1,2";
			};
			name = Debug;
		};
		5BA195DF241A97110036E3B2 /* Release */ = {
			isa = XCBuildConfiguration;
			buildSettings = {
				ASSETCATALOG_COMPILER_APPICON_NAME = AppIcon;
				CODE_SIGN_STYLE = Automatic;
				DEVELOPMENT_ASSET_PATHS = "\"SwiftUIPasscode/Preview Content\"";
				DEVELOPMENT_TEAM = RQJZYUXF82;
				ENABLE_PREVIEWS = YES;
				INFOPLIST_FILE = SwiftUIPasscode/Info.plist;
				IPHONEOS_DEPLOYMENT_TARGET = 13.0;
				LD_RUNPATH_SEARCH_PATHS = (
					"$(inherited)",
					"@executable_path/Frameworks",
				);
				PRODUCT_BUNDLE_IDENTIFIER = io.github.dreadct.SwiftUIPasscode;
				PRODUCT_NAME = "$(TARGET_NAME)";
				SWIFT_VERSION = 5.0;
				TARGETED_DEVICE_FAMILY = "1,2";
			};
			name = Release;
		};
		5BA195E1241A97110036E3B2 /* Debug */ = {
			isa = XCBuildConfiguration;
			buildSettings = {
				ALWAYS_EMBED_SWIFT_STANDARD_LIBRARIES = YES;
				BUNDLE_LOADER = "$(TEST_HOST)";
				CODE_SIGN_STYLE = Automatic;
				DEVELOPMENT_TEAM = RQJZYUXF82;
				INFOPLIST_FILE = SwiftUIPasscodeTests/Info.plist;
				IPHONEOS_DEPLOYMENT_TARGET = 13.2;
				LD_RUNPATH_SEARCH_PATHS = (
					"$(inherited)",
					"@executable_path/Frameworks",
					"@loader_path/Frameworks",
				);
				PRODUCT_BUNDLE_IDENTIFIER = io.github.dreadct.SwiftUIPasscodeTests;
				PRODUCT_NAME = "$(TARGET_NAME)";
				SWIFT_VERSION = 5.0;
				TARGETED_DEVICE_FAMILY = "1,2";
				TEST_HOST = "$(BUILT_PRODUCTS_DIR)/SwiftUIPasscode.app/SwiftUIPasscode";
			};
			name = Debug;
		};
		5BA195E2241A97110036E3B2 /* Release */ = {
			isa = XCBuildConfiguration;
			buildSettings = {
				ALWAYS_EMBED_SWIFT_STANDARD_LIBRARIES = YES;
				BUNDLE_LOADER = "$(TEST_HOST)";
				CODE_SIGN_STYLE = Automatic;
				DEVELOPMENT_TEAM = RQJZYUXF82;
				INFOPLIST_FILE = SwiftUIPasscodeTests/Info.plist;
				IPHONEOS_DEPLOYMENT_TARGET = 13.2;
				LD_RUNPATH_SEARCH_PATHS = (
					"$(inherited)",
					"@executable_path/Frameworks",
					"@loader_path/Frameworks",
				);
				PRODUCT_BUNDLE_IDENTIFIER = io.github.dreadct.SwiftUIPasscodeTests;
				PRODUCT_NAME = "$(TARGET_NAME)";
				SWIFT_VERSION = 5.0;
				TARGETED_DEVICE_FAMILY = "1,2";
				TEST_HOST = "$(BUILT_PRODUCTS_DIR)/SwiftUIPasscode.app/SwiftUIPasscode";
			};
			name = Release;
		};
		5BA195E4241A97110036E3B2 /* Debug */ = {
			isa = XCBuildConfiguration;
			buildSettings = {
				ALWAYS_EMBED_SWIFT_STANDARD_LIBRARIES = YES;
				CODE_SIGN_STYLE = Automatic;
				DEVELOPMENT_TEAM = RQJZYUXF82;
				INFOPLIST_FILE = SwiftUIPasscodeUITests/Info.plist;
				LD_RUNPATH_SEARCH_PATHS = (
					"$(inherited)",
					"@executable_path/Frameworks",
					"@loader_path/Frameworks",
				);
				PRODUCT_BUNDLE_IDENTIFIER = io.github.dreadct.SwiftUIPasscodeUITests;
				PRODUCT_NAME = "$(TARGET_NAME)";
				SWIFT_VERSION = 5.0;
				TARGETED_DEVICE_FAMILY = "1,2";
				TEST_TARGET_NAME = SwiftUIPasscode;
			};
			name = Debug;
		};
		5BA195E5241A97110036E3B2 /* Release */ = {
			isa = XCBuildConfiguration;
			buildSettings = {
				ALWAYS_EMBED_SWIFT_STANDARD_LIBRARIES = YES;
				CODE_SIGN_STYLE = Automatic;
				DEVELOPMENT_TEAM = RQJZYUXF82;
				INFOPLIST_FILE = SwiftUIPasscodeUITests/Info.plist;
				LD_RUNPATH_SEARCH_PATHS = (
					"$(inherited)",
					"@executable_path/Frameworks",
					"@loader_path/Frameworks",
				);
				PRODUCT_BUNDLE_IDENTIFIER = io.github.dreadct.SwiftUIPasscodeUITests;
				PRODUCT_NAME = "$(TARGET_NAME)";
				SWIFT_VERSION = 5.0;
				TARGETED_DEVICE_FAMILY = "1,2";
				TEST_TARGET_NAME = SwiftUIPasscode;
			};
			name = Release;
		};
/* End XCBuildConfiguration section */

/* Begin XCConfigurationList section */
		5BA195AE241A970F0036E3B2 /* Build configuration list for PBXProject "SwiftUIPasscode" */ = {
			isa = XCConfigurationList;
			buildConfigurations = (
				5BA195DB241A97110036E3B2 /* Debug */,
				5BA195DC241A97110036E3B2 /* Release */,
			);
			defaultConfigurationIsVisible = 0;
			defaultConfigurationName = Release;
		};
		5BA195DD241A97110036E3B2 /* Build configuration list for PBXNativeTarget "SwiftUIPasscode" */ = {
			isa = XCConfigurationList;
			buildConfigurations = (
				5BA195DE241A97110036E3B2 /* Debug */,
				5BA195DF241A97110036E3B2 /* Release */,
			);
			defaultConfigurationIsVisible = 0;
			defaultConfigurationName = Release;
		};
		5BA195E0241A97110036E3B2 /* Build configuration list for PBXNativeTarget "SwiftUIPasscodeTests" */ = {
			isa = XCConfigurationList;
			buildConfigurations = (
				5BA195E1241A97110036E3B2 /* Debug */,
				5BA195E2241A97110036E3B2 /* Release */,
			);
			defaultConfigurationIsVisible = 0;
			defaultConfigurationName = Release;
		};
		5BA195E3241A97110036E3B2 /* Build configuration list for PBXNativeTarget "SwiftUIPasscodeUITests" */ = {
			isa = XCConfigurationList;
			buildConfigurations = (
				5BA195E4241A97110036E3B2 /* Debug */,
				5BA195E5241A97110036E3B2 /* Release */,
			);
			defaultConfigurationIsVisible = 0;
			defaultConfigurationName = Release;
		};
/* End XCConfigurationList section */
	};
	rootObject = 5BA195AB241A970F0036E3B2 /* Project object */;
}
